<?xml version="1.0" encoding="utf-8"?>
<Project ToolsVersion="4.0" xmlns="http://schemas.microsoft.com/developer/msbuild/2003">
  <ItemGroup>
    <Filter Include="Source Files">
      <UniqueIdentifier>{4FC737F1-C7A5-4376-A066-2A32D752A2FF}</UniqueIdentifier>
      <Extensions>cpp;c;cc;cxx;def;odl;idl;hpj;bat;asm;asmx</Extensions>
    </Filter>
    <Filter Include="Header Files">
      <UniqueIdentifier>{93995380-89BD-4b04-88EB-625FBE52EBFB}</UniqueIdentifier>
      <Extensions>h;hh;hpp;hxx;hm;inl;inc;xsd</Extensions>
    </Filter>
    <Filter Include="Resource Files">
      <UniqueIdentifier>{67DA6AB6-F800-4c08-8B7A-83BB121AAD01}</UniqueIdentifier>
      <Extensions>rc;ico;cur;bmp;dlg;rc2;rct;bin;rgs;gif;jpg;jpeg;jpe;resx;tiff;tif;png;wav;mfcribbon-ms</Extensions>
    </Filter>
  </ItemGroup>
  <ItemGroup>
    <ClInclude Include="targetver.h">
      <Filter>Header Files</Filter>
    </ClInclude>
    <ClInclude Include="Swiat.h">
      <Filter>Header Files</Filter>
    </ClInclude>
    <ClInclude Include="Organizmy.h">
      <Filter>Header Files</Filter>
    </ClInclude>
    <ClInclude Include="Zwierze.h">
      <Filter>Header Files</Filter>
    </ClInclude>
    <ClInclude Include="stdafx.h">
      <Filter>Header Files</Filter>
    </ClInclude>
    <ClInclude Include="Wilk.h">
      <Filter>Header Files</Filter>
    </ClInclude>
    <ClInclude Include="Lis.h">
      <Filter>Header Files</Filter>
    </ClInclude>
    <ClInclude Include="Zolw.h">
      <Filter>Header Files</Filter>
    </ClInclude>
    <ClInclude Include="Owca.h">
      <Filter>Header Files</Filter>
    </ClInclude>
    <ClInclude Include="resource.h">
      <Filter>Header Files</Filter>
    </ClInclude>
    <ClInclude Include="Antylopa.h">
      <Filter>Header Files</Filter>
    </ClInclude>
    <ClInclude Include="Cyberowca.h">
      <Filter>Header Files</Filter>
    </ClInclude>
    <ClInclude Include="Czlowiek.h">
      <Filter>Header Files</Filter>
    </ClInclude>
    <ClInclude Include="Info.h">
      <Filter>Header Files</Filter>
    </ClInclude>
    <ClInclude Include="Roslina.h">
      <Filter>Header Files</Filter>
    </ClInclude>
    <ClInclude Include="Trawa.h">
      <Filter>Header Files</Filter>
    </ClInclude>
    <ClInclude Include="Mlecz.h">
      <Filter>Header Files</Filter>
    </ClInclude>
    <ClInclude Include="Guarana.h">
      <Filter>Header Files</Filter>
    </ClInclude>
    <ClInclude Include="Wilcze_jagody.h">
      <Filter>Header Files</Filter>
    </ClInclude>
    <ClInclude Include="Barszcz_Sosnowskiego.h">
      <Filter>Header Files</Filter>
    </ClInclude>
  </ItemGroup>
  <ItemGroup>
    <ClCompile Include="World_YK.cpp">
      <Filter>Source Files</Filter>
    </ClCompile>
    <ClCompile Include="Swiat.cpp">
      <Filter>Source Files</Filter>
    </ClCompile>
    <ClCompile Include="Organizmy.cpp">
      <Filter>Source Files</Filter>
    </ClCompile>
    <ClCompile Include="Zwierze.cpp">
      <Filter>Source Files</Filter>
    </ClCompile>
    <ClCompile Include="Wilk.cpp">
      <Filter>Source Files</Filter>
    </ClCompile>
    <ClCompile Include="Lis.cpp">
      <Filter>Source Files</Filter>
    </ClCompile>
    <ClCompile Include="Zolw.cpp">
      <Filter>Source Files</Filter>
    </ClCompile>
    <ClCompile Include="Owca.cpp">
      <Filter>Source Files</Filter>
    </ClCompile>
    <ClCompile Include="Antylopa.cpp">
      <Filter>Source Files</Filter>
    </ClCompile>
    <ClCompile Include="Cyberowca.cpp">
      <Filter>Source Files</Filter>
    </ClCompile>
    <ClCompile Include="Czlowiek.cpp">
      <Filter>Source Files</Filter>
    </ClCompile>
    <ClCompile Include="Info.cpp">
      <Filter>Source Files</Filter>
    </ClCompile>
    <ClCompile Include="Roslina.cpp">
      <Filter>Source Files</Filter>
    </ClCompile>
    <ClCompile Include="Trawa.cpp">
      <Filter>Source Files</Filter>
    </ClCompile>
    <ClCompile Include="Mlecz.cpp">
      <Filter>Source Files</Filter>
    </ClCompile>
    <ClCompile Include="Guarana.cpp">
      <Filter>Source Files</Filter>
    </ClCompile>
    <ClCompile Include="Wilcze_jagody.cpp">
      <Filter>Source Files</Filter>
    </ClCompile>
    <ClCompile Include="Barszcz_Sosnowskiego.cpp">
      <Filter>Source Files</Filter>
    </ClCompile>
  </ItemGroup>
  <ItemGroup>
    <ResourceCompile Include="World_YK.rc">
      <Filter>Resource Files</Filter>
    </ResourceCompile>
  </ItemGroup>
</Project>